// !$*UTF8*$!
{
	archiveVersion = 1;
	classes = {
	};
	objectVersion = 50;
	objects = {

/* Begin PBXBuildFile section */
		4F54E1AE228D08B6005F7934 /* WebP.framework in Frameworks */ = {isa = PBXBuildFile; fileRef = 4F54E1AD228D08B6005F7934 /* WebP.framework */; };
		4F5D329122649FE700A016A4 /* AppDelegate.m in Sources */ = {isa = PBXBuildFile; fileRef = 4F5D329022649FE700A016A4 /* AppDelegate.m */; };
		4F5D329422649FE700A016A4 /* ViewController.m in Sources */ = {isa = PBXBuildFile; fileRef = 4F5D329322649FE700A016A4 /* ViewController.m */; };
		4F5D329722649FE700A016A4 /* Main.storyboard in Resources */ = {isa = PBXBuildFile; fileRef = 4F5D329522649FE700A016A4 /* Main.storyboard */; };
		4F5D329922649FE800A016A4 /* Assets.xcassets in Resources */ = {isa = PBXBuildFile; fileRef = 4F5D329822649FE800A016A4 /* Assets.xcassets */; };
		4F5D329C22649FE800A016A4 /* LaunchScreen.storyboard in Resources */ = {isa = PBXBuildFile; fileRef = 4F5D329A22649FE800A016A4 /* LaunchScreen.storyboard */; };
		4F5D329F22649FE800A016A4 /* main.m in Sources */ = {isa = PBXBuildFile; fileRef = 4F5D329E22649FE800A016A4 /* main.m */; };
		4F5D32AD2264A56500A016A4 /* AllFontTableController.m in Sources */ = {isa = PBXBuildFile; fileRef = 4F5D32AC2264A56500A016A4 /* AllFontTableController.m */; };
		4F818B4E226966DC000A4750 /* QSImage.m in Sources */ = {isa = PBXBuildFile; fileRef = 4F818B4D226966DC000A4750 /* QSImage.m */; };
		4F818B512269675A000A4750 /* QSAnimatedImageView.m in Sources */ = {isa = PBXBuildFile; fileRef = 4F818B502269675A000A4750 /* QSAnimatedImageView.m */; };
		4F818B542269677D000A4750 /* QSImageCoder.m in Sources */ = {isa = PBXBuildFile; fileRef = 4F818B532269677D000A4750 /* QSImageCoder.m */; };
		4F818B5822696DFB000A4750 /* NSBundle+QSAdd.m in Sources */ = {isa = PBXBuildFile; fileRef = 4F818B5722696DFB000A4750 /* NSBundle+QSAdd.m */; };
		4F818B622269790B000A4750 /* cat@3x.jpg in Resources */ = {isa = PBXBuildFile; fileRef = 4F818B602269790B000A4750 /* cat@3x.jpg */; };
		4F818B632269790B000A4750 /* cat.jpg in Resources */ = {isa = PBXBuildFile; fileRef = 4F818B612269790B000A4750 /* cat.jpg */; };
		4F818B6522697916000A4750 /* cat@2x.jpg in Resources */ = {isa = PBXBuildFile; fileRef = 4F818B6422697916000A4750 /* cat@2x.jpg */; };
		4F818B68226995E7000A4750 /* NSString+QSAdd.m in Sources */ = {isa = PBXBuildFile; fileRef = 4F818B67226995E7000A4750 /* NSString+QSAdd.m */; };
		4F818B6E22699FD5000A4750 /* dog.png in Resources */ = {isa = PBXBuildFile; fileRef = 4F818B6922699FD5000A4750 /* dog.png */; };
		4F818B6F22699FD5000A4750 /* cat@3x.png in Resources */ = {isa = PBXBuildFile; fileRef = 4F818B6A22699FD5000A4750 /* cat@3x.png */; };
		4F818B7022699FD5000A4750 /* cat.png in Resources */ = {isa = PBXBuildFile; fileRef = 4F818B6B22699FD5000A4750 /* cat.png */; };
		4F818B7122699FD5000A4750 /* cat@2x.png in Resources */ = {isa = PBXBuildFile; fileRef = 4F818B6C22699FD5000A4750 /* cat@2x.png */; };
		4F818B7222699FD5000A4750 /* dog.jpg in Resources */ = {isa = PBXBuildFile; fileRef = 4F818B6D22699FD5000A4750 /* dog.jpg */; };
		4FAB8A7E22655F1D009FF1A0 /* QSCGUtilities.m in Sources */ = {isa = PBXBuildFile; fileRef = 4FAB8A7D22655F1D009FF1A0 /* QSCGUtilities.m */; };
		4FAB8A8122656A16009FF1A0 /* QSFPSLabel.m in Sources */ = {isa = PBXBuildFile; fileRef = 4FAB8A8022656A16009FF1A0 /* QSFPSLabel.m */; };
		4FAB8A8422656D5A009FF1A0 /* QSWeakProxy.m in Sources */ = {isa = PBXBuildFile; fileRef = 4FAB8A8322656D5A009FF1A0 /* QSWeakProxy.m */; };
/* End PBXBuildFile section */

/* Begin PBXFileReference section */
		4F54E1AD228D08B6005F7934 /* WebP.framework */ = {isa = PBXFileReference; lastKnownFileType = wrapper.framework; name = WebP.framework; path = Vendor/WebP.framework; sourceTree = "<group>"; };
		4F5D328C22649FE700A016A4 /* QSKitExample.app */ = {isa = PBXFileReference; explicitFileType = wrapper.application; includeInIndex = 0; path = QSKitExample.app; sourceTree = BUILT_PRODUCTS_DIR; };
		4F5D328F22649FE700A016A4 /* AppDelegate.h */ = {isa = PBXFileReference; lastKnownFileType = sourcecode.c.h; path = AppDelegate.h; sourceTree = "<group>"; };
		4F5D329022649FE700A016A4 /* AppDelegate.m */ = {isa = PBXFileReference; lastKnownFileType = sourcecode.c.objc; path = AppDelegate.m; sourceTree = "<group>"; };
		4F5D329222649FE700A016A4 /* ViewController.h */ = {isa = PBXFileReference; lastKnownFileType = sourcecode.c.h; path = ViewController.h; sourceTree = "<group>"; };
		4F5D329322649FE700A016A4 /* ViewController.m */ = {isa = PBXFileReference; lastKnownFileType = sourcecode.c.objc; path = ViewController.m; sourceTree = "<group>"; };
		4F5D329622649FE700A016A4 /* Base */ = {isa = PBXFileReference; lastKnownFileType = file.storyboard; name = Base; path = Base.lproj/Main.storyboard; sourceTree = "<group>"; };
		4F5D329822649FE800A016A4 /* Assets.xcassets */ = {isa = PBXFileReference; lastKnownFileType = folder.assetcatalog; path = Assets.xcassets; sourceTree = "<group>"; };
		4F5D329B22649FE800A016A4 /* Base */ = {isa = PBXFileReference; lastKnownFileType = file.storyboard; name = Base; path = Base.lproj/LaunchScreen.storyboard; sourceTree = "<group>"; };
		4F5D329D22649FE800A016A4 /* Info.plist */ = {isa = PBXFileReference; lastKnownFileType = text.plist.xml; path = Info.plist; sourceTree = "<group>"; };
		4F5D329E22649FE800A016A4 /* main.m */ = {isa = PBXFileReference; lastKnownFileType = sourcecode.c.objc; path = main.m; sourceTree = "<group>"; };
		4F5D32AB2264A56500A016A4 /* AllFontTableController.h */ = {isa = PBXFileReference; lastKnownFileType = sourcecode.c.h; path = AllFontTableController.h; sourceTree = "<group>"; };
		4F5D32AC2264A56500A016A4 /* AllFontTableController.m */ = {isa = PBXFileReference; lastKnownFileType = sourcecode.c.objc; path = AllFontTableController.m; sourceTree = "<group>"; };
		4F818B4C226966DC000A4750 /* QSImage.h */ = {isa = PBXFileReference; lastKnownFileType = sourcecode.c.h; path = QSImage.h; sourceTree = "<group>"; };
		4F818B4D226966DC000A4750 /* QSImage.m */ = {isa = PBXFileReference; lastKnownFileType = sourcecode.c.objc; path = QSImage.m; sourceTree = "<group>"; };
		4F818B4F2269675A000A4750 /* QSAnimatedImageView.h */ = {isa = PBXFileReference; lastKnownFileType = sourcecode.c.h; path = QSAnimatedImageView.h; sourceTree = "<group>"; };
		4F818B502269675A000A4750 /* QSAnimatedImageView.m */ = {isa = PBXFileReference; lastKnownFileType = sourcecode.c.objc; path = QSAnimatedImageView.m; sourceTree = "<group>"; };
		4F818B522269677D000A4750 /* QSImageCoder.h */ = {isa = PBXFileReference; lastKnownFileType = sourcecode.c.h; path = QSImageCoder.h; sourceTree = "<group>"; };
		4F818B532269677D000A4750 /* QSImageCoder.m */ = {isa = PBXFileReference; lastKnownFileType = sourcecode.c.objc; path = QSImageCoder.m; sourceTree = "<group>"; };
		4F818B5622696DFB000A4750 /* NSBundle+QSAdd.h */ = {isa = PBXFileReference; lastKnownFileType = sourcecode.c.h; path = "NSBundle+QSAdd.h"; sourceTree = "<group>"; };
		4F818B5722696DFB000A4750 /* NSBundle+QSAdd.m */ = {isa = PBXFileReference; lastKnownFileType = sourcecode.c.objc; path = "NSBundle+QSAdd.m"; sourceTree = "<group>"; };
		4F818B602269790B000A4750 /* cat@3x.jpg */ = {isa = PBXFileReference; lastKnownFileType = image.jpeg; path = "cat@3x.jpg"; sourceTree = "<group>"; };
		4F818B612269790B000A4750 /* cat.jpg */ = {isa = PBXFileReference; lastKnownFileType = image.jpeg; path = cat.jpg; sourceTree = "<group>"; };
		4F818B6422697916000A4750 /* cat@2x.jpg */ = {isa = PBXFileReference; lastKnownFileType = image.jpeg; path = "cat@2x.jpg"; sourceTree = "<group>"; };
		4F818B66226995E7000A4750 /* NSString+QSAdd.h */ = {isa = PBXFileReference; lastKnownFileType = sourcecode.c.h; path = "NSString+QSAdd.h"; sourceTree = "<group>"; };
		4F818B67226995E7000A4750 /* NSString+QSAdd.m */ = {isa = PBXFileReference; lastKnownFileType = sourcecode.c.objc; path = "NSString+QSAdd.m"; sourceTree = "<group>"; };
		4F818B6922699FD5000A4750 /* dog.png */ = {isa = PBXFileReference; lastKnownFileType = image.png; path = dog.png; sourceTree = "<group>"; };
		4F818B6A22699FD5000A4750 /* cat@3x.png */ = {isa = PBXFileReference; lastKnownFileType = image.png; path = "cat@3x.png"; sourceTree = "<group>"; };
		4F818B6B22699FD5000A4750 /* cat.png */ = {isa = PBXFileReference; lastKnownFileType = image.png; path = cat.png; sourceTree = "<group>"; };
		4F818B6C22699FD5000A4750 /* cat@2x.png */ = {isa = PBXFileReference; lastKnownFileType = image.png; path = "cat@2x.png"; sourceTree = "<group>"; };
		4F818B6D22699FD5000A4750 /* dog.jpg */ = {isa = PBXFileReference; lastKnownFileType = image.jpeg; path = dog.jpg; sourceTree = "<group>"; };
		4FAB8A7722655B4A009FF1A0 /* QSCGUtilities.h */ = {isa = PBXFileReference; lastKnownFileType = sourcecode.c.h; path = QSCGUtilities.h; sourceTree = "<group>"; };
		4FAB8A7A22655E87009FF1A0 /* QSKitMacro.h */ = {isa = PBXFileReference; lastKnownFileType = sourcecode.c.h; path = QSKitMacro.h; sourceTree = "<group>"; };
		4FAB8A7D22655F1D009FF1A0 /* QSCGUtilities.m */ = {isa = PBXFileReference; fileEncoding = 4; lastKnownFileType = sourcecode.c.objc; path = QSCGUtilities.m; sourceTree = "<group>"; };
		4FAB8A7F22656A16009FF1A0 /* QSFPSLabel.h */ = {isa = PBXFileReference; fileEncoding = 4; lastKnownFileType = sourcecode.c.h; path = QSFPSLabel.h; sourceTree = "<group>"; };
		4FAB8A8022656A16009FF1A0 /* QSFPSLabel.m */ = {isa = PBXFileReference; fileEncoding = 4; lastKnownFileType = sourcecode.c.objc; path = QSFPSLabel.m; sourceTree = "<group>"; };
		4FAB8A8222656D5A009FF1A0 /* QSWeakProxy.h */ = {isa = PBXFileReference; lastKnownFileType = sourcecode.c.h; path = QSWeakProxy.h; sourceTree = "<group>"; };
		4FAB8A8322656D5A009FF1A0 /* QSWeakProxy.m */ = {isa = PBXFileReference; lastKnownFileType = sourcecode.c.objc; path = QSWeakProxy.m; sourceTree = "<group>"; };
/* End PBXFileReference section */

/* Begin PBXFrameworksBuildPhase section */
		4F5D328922649FE700A016A4 /* Frameworks */ = {
			isa = PBXFrameworksBuildPhase;
			buildActionMask = 2147483647;
			files = (
				4F54E1AE228D08B6005F7934 /* WebP.framework in Frameworks */,
			);
			runOnlyForDeploymentPostprocessing = 0;
		};
/* End PBXFrameworksBuildPhase section */

/* Begin PBXGroup section */
		4F54E1AC228D08B6005F7934 /* Frameworks */ = {
			isa = PBXGroup;
			children = (
				4F54E1AD228D08B6005F7934 /* WebP.framework */,
			);
			name = Frameworks;
			sourceTree = "<group>";
		};
		4F5D328322649FE700A016A4 = {
			isa = PBXGroup;
			children = (
				4F5D32A52264A0D600A016A4 /* QSKit */,
				4F5D328E22649FE700A016A4 /* QSKitExample */,
				4F5D328D22649FE700A016A4 /* Products */,
				4F54E1AC228D08B6005F7934 /* Frameworks */,
			);
			sourceTree = "<group>";
		};
		4F5D328D22649FE700A016A4 /* Products */ = {
			isa = PBXGroup;
			children = (
				4F5D328C22649FE700A016A4 /* QSKitExample.app */,
			);
			name = Products;
			sourceTree = "<group>";
		};
		4F5D328E22649FE700A016A4 /* QSKitExample */ = {
			isa = PBXGroup;
			children = (
				4F5D328F22649FE700A016A4 /* AppDelegate.h */,
				4F5D329022649FE700A016A4 /* AppDelegate.m */,
				4F5D329222649FE700A016A4 /* ViewController.h */,
				4F5D329322649FE700A016A4 /* ViewController.m */,
				4F5D32AB2264A56500A016A4 /* AllFontTableController.h */,
				4F5D32AC2264A56500A016A4 /* AllFontTableController.m */,
				4F818B592269789C000A4750 /* Resource */,
				4F5D329522649FE700A016A4 /* Main.storyboard */,
				4F5D329822649FE800A016A4 /* Assets.xcassets */,
				4F5D329A22649FE800A016A4 /* LaunchScreen.storyboard */,
				4F5D329D22649FE800A016A4 /* Info.plist */,
				4F5D329E22649FE800A016A4 /* main.m */,
			);
			path = QSKitExample;
			sourceTree = "<group>";
		};
		4F5D32A52264A0D600A016A4 /* QSKit */ = {
			isa = PBXGroup;
			children = (
				4F5D32AE2264A9CD00A016A4 /* Base */,
				4F5D32B02264A9F800A016A4 /* Utility */,
				4F818B4B226966CA000A4750 /* Image */,
			);
			path = QSKit;
			sourceTree = SOURCE_ROOT;
		};
		4F5D32AE2264A9CD00A016A4 /* Base */ = {
			isa = PBXGroup;
			children = (
				4FAB8A7A22655E87009FF1A0 /* QSKitMacro.h */,
				4F818B5522696DDC000A4750 /* Foundation */,
				4F5D32AF2264A9CD00A016A4 /* Quartz */,
			);
			path = Base;
			sourceTree = "<group>";
		};
		4F5D32AF2264A9CD00A016A4 /* Quartz */ = {
			isa = PBXGroup;
			children = (
				4FAB8A7722655B4A009FF1A0 /* QSCGUtilities.h */,
				4FAB8A7D22655F1D009FF1A0 /* QSCGUtilities.m */,
			);
			path = Quartz;
			sourceTree = "<group>";
		};
		4F5D32B02264A9F800A016A4 /* Utility */ = {
			isa = PBXGroup;
			children = (
				4FAB8A7F22656A16009FF1A0 /* QSFPSLabel.h */,
				4FAB8A8022656A16009FF1A0 /* QSFPSLabel.m */,
				4FAB8A8222656D5A009FF1A0 /* QSWeakProxy.h */,
				4FAB8A8322656D5A009FF1A0 /* QSWeakProxy.m */,
			);
			path = Utility;
			sourceTree = "<group>";
		};
		4F818B4B226966CA000A4750 /* Image */ = {
			isa = PBXGroup;
			children = (
				4F818B4C226966DC000A4750 /* QSImage.h */,
				4F818B4D226966DC000A4750 /* QSImage.m */,
				4F818B4F2269675A000A4750 /* QSAnimatedImageView.h */,
				4F818B502269675A000A4750 /* QSAnimatedImageView.m */,
				4F818B522269677D000A4750 /* QSImageCoder.h */,
				4F818B532269677D000A4750 /* QSImageCoder.m */,
			);
			path = Image;
			sourceTree = "<group>";
		};
		4F818B5522696DDC000A4750 /* Foundation */ = {
			isa = PBXGroup;
			children = (
				4F818B5622696DFB000A4750 /* NSBundle+QSAdd.h */,
				4F818B5722696DFB000A4750 /* NSBundle+QSAdd.m */,
				4F818B66226995E7000A4750 /* NSString+QSAdd.h */,
				4F818B67226995E7000A4750 /* NSString+QSAdd.m */,
			);
			path = Foundation;
			sourceTree = "<group>";
		};
		4F818B592269789C000A4750 /* Resource */ = {
			isa = PBXGroup;
			children = (
				4F818B6B22699FD5000A4750 /* cat.png */,
				4F818B6C22699FD5000A4750 /* cat@2x.png */,
				4F818B6A22699FD5000A4750 /* cat@3x.png */,
				4F818B612269790B000A4750 /* cat.jpg */,
				4F818B6422697916000A4750 /* cat@2x.jpg */,
				4F818B602269790B000A4750 /* cat@3x.jpg */,
				4F818B6D22699FD5000A4750 /* dog.jpg */,
				4F818B6922699FD5000A4750 /* dog.png */,
			);
			path = Resource;
			sourceTree = "<group>";
		};
/* End PBXGroup section */

/* Begin PBXNativeTarget section */
		4F5D328B22649FE700A016A4 /* QSKitExample */ = {
			isa = PBXNativeTarget;
			buildConfigurationList = 4F5D32A222649FE800A016A4 /* Build configuration list for PBXNativeTarget "QSKitExample" */;
			buildPhases = (
				4F5D328822649FE700A016A4 /* Sources */,
				4F5D328922649FE700A016A4 /* Frameworks */,
				4F5D328A22649FE700A016A4 /* Resources */,
			);
			buildRules = (
			);
			dependencies = (
			);
			name = QSKitExample;
			productName = QSKitExample;
			productReference = 4F5D328C22649FE700A016A4 /* QSKitExample.app */;
			productType = "com.apple.product-type.application";
		};
/* End PBXNativeTarget section */

/* Begin PBXProject section */
		4F5D328422649FE700A016A4 /* Project object */ = {
			isa = PBXProject;
			attributes = {
				LastUpgradeCheck = 1010;
				ORGANIZATIONNAME = fqs;
				TargetAttributes = {
					4F5D328B22649FE700A016A4 = {
						CreatedOnToolsVersion = 10.1;
					};
				};
			};
			buildConfigurationList = 4F5D328722649FE700A016A4 /* Build configuration list for PBXProject "QSKitExample" */;
			compatibilityVersion = "Xcode 9.3";
			developmentRegion = en;
			hasScannedForEncodings = 0;
			knownRegions = (
				en,
				Base,
			);
			mainGroup = 4F5D328322649FE700A016A4;
			productRefGroup = 4F5D328D22649FE700A016A4 /* Products */;
			projectDirPath = "";
			projectRoot = "";
			targets = (
				4F5D328B22649FE700A016A4 /* QSKitExample */,
			);
		};
/* End PBXProject section */

/* Begin PBXResourcesBuildPhase section */
		4F5D328A22649FE700A016A4 /* Resources */ = {
			isa = PBXResourcesBuildPhase;
			buildActionMask = 2147483647;
			files = (
				4F818B7022699FD5000A4750 /* cat.png in Resources */,
				4F818B6F22699FD5000A4750 /* cat@3x.png in Resources */,
				4F818B6E22699FD5000A4750 /* dog.png in Resources */,
				4F818B7122699FD5000A4750 /* cat@2x.png in Resources */,
				4F818B632269790B000A4750 /* cat.jpg in Resources */,
				4F5D329C22649FE800A016A4 /* LaunchScreen.storyboard in Resources */,
				4F5D329922649FE800A016A4 /* Assets.xcassets in Resources */,
				4F818B622269790B000A4750 /* cat@3x.jpg in Resources */,
				4F5D329722649FE700A016A4 /* Main.storyboard in Resources */,
				4F818B7222699FD5000A4750 /* dog.jpg in Resources */,
				4F818B6522697916000A4750 /* cat@2x.jpg in Resources */,
			);
			runOnlyForDeploymentPostprocessing = 0;
		};
/* End PBXResourcesBuildPhase section */

/* Begin PBXSourcesBuildPhase section */
		4F5D328822649FE700A016A4 /* Sources */ = {
			isa = PBXSourcesBuildPhase;
			buildActionMask = 2147483647;
			files = (
				4FAB8A8122656A16009FF1A0 /* QSFPSLabel.m in Sources */,
				4FAB8A7E22655F1D009FF1A0 /* QSCGUtilities.m in Sources */,
				4F5D329422649FE700A016A4 /* ViewController.m in Sources */,
				4F818B4E226966DC000A4750 /* QSImage.m in Sources */,
				4F5D329F22649FE800A016A4 /* main.m in Sources */,
				4FAB8A8422656D5A009FF1A0 /* QSWeakProxy.m in Sources */,
				4F818B512269675A000A4750 /* QSAnimatedImageView.m in Sources */,
				4F5D32AD2264A56500A016A4 /* AllFontTableController.m in Sources */,
				4F818B5822696DFB000A4750 /* NSBundle+QSAdd.m in Sources */,
				4F5D329122649FE700A016A4 /* AppDelegate.m in Sources */,
				4F818B542269677D000A4750 /* QSImageCoder.m in Sources */,
				4F818B68226995E7000A4750 /* NSString+QSAdd.m in Sources */,
			);
			runOnlyForDeploymentPostprocessing = 0;
		};
/* End PBXSourcesBuildPhase section */

/* Begin PBXVariantGroup section */
		4F5D329522649FE700A016A4 /* Main.storyboard */ = {
			isa = PBXVariantGroup;
			children = (
				4F5D329622649FE700A016A4 /* Base */,
			);
			name = Main.storyboard;
			sourceTree = "<group>";
		};
		4F5D329A22649FE800A016A4 /* LaunchScreen.storyboard */ = {
			isa = PBXVariantGroup;
			children = (
				4F5D329B22649FE800A016A4 /* Base */,
			);
			name = LaunchScreen.storyboard;
			sourceTree = "<group>";
		};
/* End PBXVariantGroup section */

/* Begin XCBuildConfiguration section */
		4F5D32A022649FE800A016A4 /* Debug */ = {
			isa = XCBuildConfiguration;
			buildSettings = {
				ALWAYS_SEARCH_USER_PATHS = NO;
				CLANG_ANALYZER_NONNULL = YES;
				CLANG_ANALYZER_NUMBER_OBJECT_CONVERSION = YES_AGGRESSIVE;
				CLANG_CXX_LANGUAGE_STANDARD = "gnu++14";
				CLANG_CXX_LIBRARY = "libc++";
				CLANG_ENABLE_MODULES = YES;
				CLANG_ENABLE_OBJC_ARC = YES;
				CLANG_ENABLE_OBJC_WEAK = YES;
				CLANG_WARN_BLOCK_CAPTURE_AUTORELEASING = YES;
				CLANG_WARN_BOOL_CONVERSION = YES;
				CLANG_WARN_COMMA = YES;
				CLANG_WARN_CONSTANT_CONVERSION = YES;
				CLANG_WARN_DEPRECATED_OBJC_IMPLEMENTATIONS = YES;
				CLANG_WARN_DIRECT_OBJC_ISA_USAGE = YES_ERROR;
				CLANG_WARN_DOCUMENTATION_COMMENTS = YES;
				CLANG_WARN_EMPTY_BODY = YES;
				CLANG_WARN_ENUM_CONVERSION = YES;
				CLANG_WARN_INFINITE_RECURSION = YES;
				CLANG_WARN_INT_CONVERSION = YES;
				CLANG_WARN_NON_LITERAL_NULL_CONVERSION = YES;
				CLANG_WARN_OBJC_IMPLICIT_RETAIN_SELF = YES;
				CLANG_WARN_OBJC_LITERAL_CONVERSION = YES;
				CLANG_WARN_OBJC_ROOT_CLASS = YES_ERROR;
				CLANG_WARN_RANGE_LOOP_ANALYSIS = YES;
				CLANG_WARN_STRICT_PROTOTYPES = YES;
				CLANG_WARN_SUSPICIOUS_MOVE = YES;
				CLANG_WARN_UNGUARDED_AVAILABILITY = YES_AGGRESSIVE;
				CLANG_WARN_UNREACHABLE_CODE = YES;
				CLANG_WARN__DUPLICATE_METHOD_MATCH = YES;
				CODE_SIGN_IDENTITY = "iPhone Developer";
				COPY_PHASE_STRIP = NO;
				DEBUG_INFORMATION_FORMAT = dwarf;
				ENABLE_STRICT_OBJC_MSGSEND = YES;
				ENABLE_TESTABILITY = YES;
				GCC_C_LANGUAGE_STANDARD = gnu11;
				GCC_DYNAMIC_NO_PIC = NO;
				GCC_NO_COMMON_BLOCKS = YES;
				GCC_OPTIMIZATION_LEVEL = 0;
				GCC_PREPROCESSOR_DEFINITIONS = (
					"DEBUG=1",
					"$(inherited)",
				);
				GCC_WARN_64_TO_32_BIT_CONVERSION = YES;
				GCC_WARN_ABOUT_RETURN_TYPE = YES_ERROR;
				GCC_WARN_UNDECLARED_SELECTOR = YES;
				GCC_WARN_UNINITIALIZED_AUTOS = YES_AGGRESSIVE;
				GCC_WARN_UNUSED_FUNCTION = YES;
				GCC_WARN_UNUSED_VARIABLE = YES;
				IPHONEOS_DEPLOYMENT_TARGET = 12.1;
				MTL_ENABLE_DEBUG_INFO = INCLUDE_SOURCE;
				MTL_FAST_MATH = YES;
				ONLY_ACTIVE_ARCH = YES;
				SDKROOT = iphoneos;
			};
			name = Debug;
		};
		4F5D32A122649FE800A016A4 /* Release */ = {
			isa = XCBuildConfiguration;
			buildSettings = {
				ALWAYS_SEARCH_USER_PATHS = NO;
				CLANG_ANALYZER_NONNULL = YES;
				CLANG_ANALYZER_NUMBER_OBJECT_CONVERSION = YES_AGGRESSIVE;
				CLANG_CXX_LANGUAGE_STANDARD = "gnu++14";
				CLANG_CXX_LIBRARY = "libc++";
				CLANG_ENABLE_MODULES = YES;
				CLANG_ENABLE_OBJC_ARC = YES;
				CLANG_ENABLE_OBJC_WEAK = YES;
				CLANG_WARN_BLOCK_CAPTURE_AUTORELEASING = YES;
				CLANG_WARN_BOOL_CONVERSION = YES;
				CLANG_WARN_COMMA = YES;
				CLANG_WARN_CONSTANT_CONVERSION = YES;
				CLANG_WARN_DEPRECATED_OBJC_IMPLEMENTATIONS = YES;
				CLANG_WARN_DIRECT_OBJC_ISA_USAGE = YES_ERROR;
				CLANG_WARN_DOCUMENTATION_COMMENTS = YES;
				CLANG_WARN_EMPTY_BODY = YES;
				CLANG_WARN_ENUM_CONVERSION = YES;
				CLANG_WARN_INFINITE_RECURSION = YES;
				CLANG_WARN_INT_CONVERSION = YES;
				CLANG_WARN_NON_LITERAL_NULL_CONVERSION = YES;
				CLANG_WARN_OBJC_IMPLICIT_RETAIN_SELF = YES;
				CLANG_WARN_OBJC_LITERAL_CONVERSION = YES;
				CLANG_WARN_OBJC_ROOT_CLASS = YES_ERROR;
				CLANG_WARN_RANGE_LOOP_ANALYSIS = YES;
				CLANG_WARN_STRICT_PROTOTYPES = YES;
				CLANG_WARN_SUSPICIOUS_MOVE = YES;
				CLANG_WARN_UNGUARDED_AVAILABILITY = YES_AGGRESSIVE;
				CLANG_WARN_UNREACHABLE_CODE = YES;
				CLANG_WARN__DUPLICATE_METHOD_MATCH = YES;
				CODE_SIGN_IDENTITY = "iPhone Developer";
				COPY_PHASE_STRIP = NO;
				DEBUG_INFORMATION_FORMAT = "dwarf-with-dsym";
				ENABLE_NS_ASSERTIONS = NO;
				ENABLE_STRICT_OBJC_MSGSEND = YES;
				GCC_C_LANGUAGE_STANDARD = gnu11;
				GCC_NO_COMMON_BLOCKS = YES;
				GCC_WARN_64_TO_32_BIT_CONVERSION = YES;
				GCC_WARN_ABOUT_RETURN_TYPE = YES_ERROR;
				GCC_WARN_UNDECLARED_SELECTOR = YES;
				GCC_WARN_UNINITIALIZED_AUTOS = YES_AGGRESSIVE;
				GCC_WARN_UNUSED_FUNCTION = YES;
				GCC_WARN_UNUSED_VARIABLE = YES;
				IPHONEOS_DEPLOYMENT_TARGET = 12.1;
				MTL_ENABLE_DEBUG_INFO = NO;
				MTL_FAST_MATH = YES;
				SDKROOT = iphoneos;
				VALIDATE_PRODUCT = YES;
			};
			name = Release;
		};
		4F5D32A322649FE800A016A4 /* Debug */ = {
			isa = XCBuildConfiguration;
			buildSettings = {
				ASSETCATALOG_COMPILER_APPICON_NAME = AppIcon;
				CODE_SIGN_STYLE = Automatic;
				DEVELOPMENT_TEAM = LZPDB9SF5E;
				FRAMEWORK_SEARCH_PATHS = (
					"$(inherited)",
					"$(PROJECT_DIR)/Vendor",
				);
				INFOPLIST_FILE = QSKitExample/Info.plist;
				IPHONEOS_DEPLOYMENT_TARGET = 8.0;
				LD_RUNPATH_SEARCH_PATHS = (
					"$(inherited)",
					"@executable_path/Frameworks",
				);
				PRODUCT_BUNDLE_IDENTIFIER = com.fqs.QSKitExample;
				PRODUCT_NAME = "$(TARGET_NAME)";
				TARGETED_DEVICE_FAMILY = "1,2";
			};
			name = Debug;
		};
		4F5D32A422649FE800A016A4 /* Release */ = {
			isa = XCBuildConfiguration;
			buildSettings = {
				ASSETCATALOG_COMPILER_APPICON_NAME = AppIcon;
				CODE_SIGN_STYLE = Automatic;
				DEVELOPMENT_TEAM = LZPDB9SF5E;
				FRAMEWORK_SEARCH_PATHS = (
					"$(inherited)",
					"$(PROJECT_DIR)/Vendor",
				);
				INFOPLIST_FILE = QSKitExample/Info.plist;
				IPHONEOS_DEPLOYMENT_TARGET = 8.0;
				LD_RUNPATH_SEARCH_PATHS = (
					"$(inherited)",
					"@executable_path/Frameworks",
				);
				PRODUCT_BUNDLE_IDENTIFIER = com.fqs.QSKitExample;
				PRODUCT_NAME = "$(TARGET_NAME)";
				TARGETED_DEVICE_FAMILY = "1,2";
			};
			name = Release;
		};
/* End XCBuildConfiguration section */

/* Begin XCConfigurationList section */
		4F5D328722649FE700A016A4 /* Build configuration list for PBXProject "QSKitExample" */ = {
			isa = XCConfigurationList;
			buildConfigurations = (
				4F5D32A022649FE800A016A4 /* Debug */,
				4F5D32A122649FE800A016A4 /* Release */,
			);
			defaultConfigurationIsVisible = 0;
			defaultConfigurationName = Release;
		};
		4F5D32A222649FE800A016A4 /* Build configuration list for PBXNativeTarget "QSKitExample" */ = {
			isa = XCConfigurationList;
			buildConfigurations = (
				4F5D32A322649FE800A016A4 /* Debug */,
				4F5D32A422649FE800A016A4 /* Release */,
			);
			defaultConfigurationIsVisible = 0;
			defaultConfigurationName = Release;
		};
/* End XCConfigurationList section */
	};
	rootObject = 4F5D328422649FE700A016A4 /* Project object */;
}
